
Microsoft Visual Studio Solution File, Format Version 12.00
# Visual Studio Version 17
VisualStudioVersion = 17.0.31903.59
MinimumVisualStudioVersion = 10.0.40219.1
Project("{9A19103F-16F7-4668-BE54-9A1E7A4F7556}") = "App", "src\App.csproj", "{206330D4-89BA-4D4F-B435-3A750780C4E7}"
EndProject
Project("{2150E333-8FDC-42A3-9474-1A3956D46DE8}") = "project", "project", "{622BB703-C7B1-4CCA-9303-5EC677A1C5F4}"
	ProjectSection(SolutionItems) = preProject
		README.md = README.md
	EndProjectSection
EndProject
Global
	GlobalSection(SolutionConfigurationPlatforms) = preSolution
		Debug|Any CPU = Debug|Any CPU
		Release|Any CPU = Release|Any CPU
	EndGlobalSection
	GlobalSection(ProjectConfigurationPlatforms) = postSolution
		{206330D4-89BA-4D4F-B435-3A750780C4E7}.Debug|Any CPU.ActiveCfg = Debug|Any CPU
		{206330D4-89BA-4D4F-B435-3A750780C4E7}.Debug|Any CPU.Build.0 = Debug|Any CPU
		{206330D4-89BA-4D4F-B435-3A750780C4E7}.Release|Any CPU.ActiveCfg = Release|Any CPU
		{206330D4-89BA-4D4F-B435-3A750780C4E7}.Release|Any CPU.Build.0 = Release|Any CPU
	EndGlobalSection
	GlobalSection(SolutionProperties) = preSolution
		HideSolutionNode = FALSE
	EndGlobalSection
	GlobalSection(ExtensibilityGlobals) = postSolution
		SolutionGuid = {A9F71F7C-775A-4132-B315-65007667C78C}
	EndGlobalSection
EndGlobal
